
Microsoft Visual Studio Solution File, Format Version 12.00
# Visual Studio Version 17
VisualStudioVersion = 17.11.35219.272
MinimumVisualStudioVersion = 10.0.40219.1
Project("{FAE04EC0-301F-11D3-BF4B-00C04F79EFBC}") = "EmployeeManage", "EmployeeManage\EmployeeManage.csproj", "{3C6E5F31-5A96-4C49-A570-07ECB05F6315}"
EndProject
Global
	GlobalSection(SolutionConfigurationPlatforms) = preSolution
		Debug|Any CPU = Debug|Any CPU
		Release|Any CPU = Release|Any CPU
	EndGlobalSection
	GlobalSection(ProjectConfigurationPlatforms) = postSolution
		{3C6E5F31-5A96-4C49-A570-07ECB05F6315}.Debug|Any CPU.ActiveCfg = Debug|Any CPU
		{3C6E5F31-5A96-4C49-A570-07ECB05F6315}.Debug|Any CPU.Build.0 = Debug|Any CPU
		{3C6E5F31-5A96-4C49-A570-07ECB05F6315}.Release|Any CPU.ActiveCfg = Release|Any CPU
		{3C6E5F31-5A96-4C49-A570-07ECB05F6315}.Release|Any CPU.Build.0 = Release|Any CPU
	EndGlobalSection
	GlobalSection(SolutionProperties) = preSolution
		HideSolutionNode = FALSE
	EndGlobalSection
	GlobalSection(ExtensibilityGlobals) = postSolution
		SolutionGuid = {4D4CFD80-689E-4DEF-A20D-79A8AE096D24}
	EndGlobalSection
EndGlobal
